<?xml version="1.0" encoding="utf-8"?>
<Project ToolsVersion="4.0" xmlns="http://schemas.microsoft.com/developer/msbuild/2003">
  <ItemGroup>
    <Filter Include="Source Files">
      <UniqueIdentifier>{4FC737F1-C7A5-4376-A066-2A32D752A2FF}</UniqueIdentifier>
      <Extensions>cpp;c;cc;cxx;c++;cppm;ixx;def;odl;idl;hpj;bat;asm;asmx</Extensions>
    </Filter>
    <Filter Include="Header Files">
      <UniqueIdentifier>{93995380-89BD-4b04-88EB-625FBE52EBFB}</UniqueIdentifier>
      <Extensions>h;hh;hpp;hxx;h++;hm;inl;inc;ipp;xsd</Extensions>
    </Filter>
    <Filter Include="Resource Files">
      <UniqueIdentifier>{67DA6AB6-F800-4c08-8B7A-83BB121AAD01}</UniqueIdentifier>
      <Extensions>rc;ico;cur;bmp;dlg;rc2;rct;bin;rgs;gif;jpg;jpeg;jpe;resx;tiff;tif;png;wav;mfcribbon-ms</Extensions>
    </Filter>
    <Filter Include="Shaders">
      <UniqueIdentifier>{c262f3fd-c224-4637-88d7-cb0273c458ab}</UniqueIdentifier>
    </Filter>
    <Filter Include="Header Files\Apps">
      <UniqueIdentifier>{94a0084f-e861-4a21-91ed-4b9f6af3b0e2}</UniqueIdentifier>
    </Filter>
    <Filter Include="Header Files\Resources">
      <UniqueIdentifier>{36b4bd28-a77e-4136-b124-5ec5898b45d4}</UniqueIdentifier>
    </Filter>
    <Filter Include="Header Files\Core">
      <UniqueIdentifier>{f609cbbe-bfc8-475b-93aa-84160c8f0d11}</UniqueIdentifier>
    </Filter>
    <Filter Include="Header Files\Tools">
      <UniqueIdentifier>{be8931cc-f592-4e77-b98d-938c5eaf8ffb}</UniqueIdentifier>
    </Filter>
    <Filter Include="Source Files\Apps">
      <UniqueIdentifier>{d7d166fa-ce26-45aa-aae5-e6483e6ba0b9}</UniqueIdentifier>
    </Filter>
    <Filter Include="Source Files\Core">
      <UniqueIdentifier>{d51c5706-d04e-446a-b5f6-53a27e60ef2f}</UniqueIdentifier>
    </Filter>
    <Filter Include="Source Files\Resources">
      <UniqueIdentifier>{a76dcd3b-27c8-46ed-8d3d-395bc6711f84}</UniqueIdentifier>
    </Filter>
    <Filter Include="Source Files\Tools">
      <UniqueIdentifier>{cdd1e2bc-f343-41e2-9975-d08271ee071e}</UniqueIdentifier>
    </Filter>
    <Filter Include="ImGUI">
      <UniqueIdentifier>{478cef44-2fc5-4fea-9fb7-b8a22d68152f}</UniqueIdentifier>
    </Filter>
  </ItemGroup>
  <ItemGroup>
    <ClCompile Include="main.cpp">
      <Filter>Source Files</Filter>
    </ClCompile>
    <ClCompile Include="SimplestApp.cpp">
      <Filter>Source Files\Apps</Filter>
    </ClCompile>
    <ClCompile Include="DuckyApp.cpp">
      <Filter>Source Files\Apps</Filter>
    </ClCompile>
    <ClCompile Include="D3DDeviceManager.cpp">
      <Filter>Source Files\Core</Filter>
    </ClCompile>
    <ClCompile Include="DuckyGraphicsContext.cpp">
      <Filter>Source Files\Core</Filter>
    </ClCompile>
    <ClCompile Include="DuckySwapChain.cpp">
      <Filter>Source Files\Core</Filter>
    </ClCompile>
    <ClCompile Include="DuckyMesh.cpp">
      <Filter>Source Files\Resources</Filter>
    </ClCompile>
    <ClCompile Include="DuckyCompiler.cpp">
      <Filter>Source Files\Resources</Filter>
    </ClCompile>
    <ClCompile Include="DuckyTools.cpp">
      <Filter>Source Files\Tools</Filter>
    </ClCompile>
    <ClCompile Include="DuckyDescriptor.cpp">
      <Filter>Source Files\Core</Filter>
    </ClCompile>
    <ClCompile Include="DuckyPipelineStates.cpp">
      <Filter>Source Files\Core</Filter>
    </ClCompile>
    <ClCompile Include="pch.cpp" />
    <ClCompile Include="Imgui\imgui.cpp">
      <Filter>ImGUI</Filter>
    </ClCompile>
    <ClCompile Include="Imgui\imgui_draw.cpp">
      <Filter>ImGUI</Filter>
    </ClCompile>
    <ClCompile Include="Imgui\imgui_impl_dx12.cpp">
      <Filter>ImGUI</Filter>
    </ClCompile>
    <ClCompile Include="Imgui\imgui_widgets.cpp">
      <Filter>ImGUI</Filter>
    </ClCompile>
    <ClCompile Include="Imgui\imgui_impl_win32.cpp">
      <Filter>ImGUI</Filter>
    </ClCompile>
    <ClCompile Include="DuckyImGui.cpp">
      <Filter>Source Files\Core</Filter>
    </ClCompile>
    <ClCompile Include="DuckyPipelineManager.cpp">
      <Filter>Source Files\Core</Filter>
    </ClCompile>
    <ClCompile Include="DuckyRenderer.cpp">
      <Filter>Source Files</Filter>
    </ClCompile>
    <ClCompile Include="DuckyScene.cpp">
      <Filter>Source Files</Filter>
    </ClCompile>
  </ItemGroup>
  <ItemGroup>
    <FxCompile Include="BasicVertTransformation.hlsl">
      <Filter>Shaders</Filter>
    </FxCompile>
    <FxCompile Include="BasicColorPixelShader.hlsl">
      <Filter>Shaders</Filter>
    </FxCompile>
    <FxCompile Include="AABBVertexShader.hlsl">
      <Filter>Shaders</Filter>
    </FxCompile>
    <FxCompile Include="AABBPixelShader.hlsl">
      <Filter>Shaders</Filter>
    </FxCompile>
  </ItemGroup>
  <ItemGroup>
    <ClInclude Include="DuckyApp.h">
      <Filter>Header Files\Apps</Filter>
    </ClInclude>
    <ClInclude Include="SimplestApp.h">
      <Filter>Header Files\Apps</Filter>
    </ClInclude>
    <ClInclude Include="DuckyMesh.h">
      <Filter>Header Files\Resources</Filter>
    </ClInclude>
    <ClInclude Include="DuckyCompiler.h">
      <Filter>Header Files\Resources</Filter>
    </ClInclude>
    <ClInclude Include="D3DDeviceManager.h">
      <Filter>Header Files\Core</Filter>
    </ClInclude>
    <ClInclude Include="DuckyDescriptor.h">
      <Filter>Header Files\Core</Filter>
    </ClInclude>
    <ClInclude Include="DuckyGraphicsContext.h">
      <Filter>Header Files\Core</Filter>
    </ClInclude>
    <ClInclude Include="DuckySwapChain.h">
      <Filter>Header Files\Core</Filter>
    </ClInclude>
    <ClInclude Include="DuckyTools.h">
      <Filter>Header Files\Tools</Filter>
    </ClInclude>
    <ClInclude Include="DuckyMaterial.h">
      <Filter>Header Files\Resources</Filter>
    </ClInclude>
    <ClInclude Include="DuckyPipelineStates.h">
      <Filter>Header Files\Core</Filter>
    </ClInclude>
    <ClInclude Include="pch.h" />
    <ClInclude Include="Imgui\imgui.h">
      <Filter>ImGUI</Filter>
    </ClInclude>
    <ClInclude Include="Imgui\imgui_impl_dx12.h">
      <Filter>ImGUI</Filter>
    </ClInclude>
    <ClInclude Include="Imgui\imgui_internal.h">
      <Filter>ImGUI</Filter>
    </ClInclude>
    <ClInclude Include="Imgui\imstb_rectpack.h">
      <Filter>ImGUI</Filter>
    </ClInclude>
    <ClInclude Include="Imgui\imstb_textedit.h">
      <Filter>ImGUI</Filter>
    </ClInclude>
    <ClInclude Include="Imgui\imstb_truetype.h">
      <Filter>ImGUI</Filter>
    </ClInclude>
    <ClInclude Include="Imgui\imgui_impl_win32.h">
      <Filter>ImGUI</Filter>
    </ClInclude>
    <ClInclude Include="Imgui\imconfig.h">
      <Filter>Header Files</Filter>
    </ClInclude>
    <ClInclude Include="DuckyImGui.h">
      <Filter>Header Files\Core</Filter>
    </ClInclude>
    <ClInclude Include="DuckyRenderTypes.h">
      <Filter>Header Files\Resources</Filter>
    </ClInclude>
    <ClInclude Include="DuckyPipelineManager.h">
      <Filter>Header Files\Core</Filter>
    </ClInclude>
    <ClInclude Include="DuckyRenderer.h">
      <Filter>Header Files\Core</Filter>
    </ClInclude>
    <ClInclude Include="DuckyScene.h">
      <Filter>Header Files\Resources</Filter>
    </ClInclude>
  </ItemGroup>
  <ItemGroup>
    <None Include="packages.config" />
  </ItemGroup>
</Project>